
Microsoft Visual Studio Solution File, Format Version 12.00
# Visual Studio 14
VisualStudioVersion = 14.0.23107.0
MinimumVisualStudioVersion = 10.0.40219.1
Project("{FAE04EC0-301F-11D3-BF4B-00C04F79EFBC}") = "ChSakellUnitTestingWebAPI.Domain", "ChSakellUnitTestingWebAPI.Domain\ChSakellUnitTestingWebAPI.Domain.csproj", "{5BBE4BF2-0595-4D6C-9DE5-EA43F8F7EF12}"
EndProject
Project("{FAE04EC0-301F-11D3-BF4B-00C04F79EFBC}") = "ChSakellUnitTestingWebAPI.Data", "ChSakellUnitTestingWebAPI.Data\ChSakellUnitTestingWebAPI.Data.csproj", "{523185AB-1221-4C28-B8F1-E9A339EDE368}"
EndProject
Project("{FAE04EC0-301F-11D3-BF4B-00C04F79EFBC}") = "ChSakellUnitTestingWebAPI.Services", "ChSakellUnitTestingWebAPI.Services\ChSakellUnitTestingWebAPI.Services.csproj", "{31C848B1-3437-43B1-8D92-A3477A994D8F}"
EndProject
Project("{FAE04EC0-301F-11D3-BF4B-00C04F79EFBC}") = "ChSakellUnitTestingWebAPI.API.Core", "ChSakellUnitTestingWebAPI.API.Core\ChSakellUnitTestingWebAPI.API.Core.csproj", "{F8EFCB3F-2CD6-4664-B459-F47CC5718A00}"
EndProject
Project("{FAE04EC0-301F-11D3-BF4B-00C04F79EFBC}") = "ChSakellUnitTestingWebAPI.Tests", "ChSakellUnitTestingWebAPI.Tests\ChSakellUnitTestingWebAPI.Tests.csproj", "{26B0D5EE-246B-4548-A467-09C4821C2E33}"
EndProject
Project("{FAE04EC0-301F-11D3-BF4B-00C04F79EFBC}") = "ChSakellUnitTestingWebAPI.API", "ChSakellUnitTestingWebAPI.API\ChSakellUnitTestingWebAPI.API.csproj", "{56B172F6-B078-4D70-9334-AF74BA2EE073}"
EndProject
Global
	GlobalSection(SolutionConfigurationPlatforms) = preSolution
		Debug|Any CPU = Debug|Any CPU
		Release|Any CPU = Release|Any CPU
	EndGlobalSection
	GlobalSection(ProjectConfigurationPlatforms) = postSolution
		{5BBE4BF2-0595-4D6C-9DE5-EA43F8F7EF12}.Debug|Any CPU.ActiveCfg = Debug|Any CPU
		{5BBE4BF2-0595-4D6C-9DE5-EA43F8F7EF12}.Debug|Any CPU.Build.0 = Debug|Any CPU
		{5BBE4BF2-0595-4D6C-9DE5-EA43F8F7EF12}.Release|Any CPU.ActiveCfg = Release|Any CPU
		{5BBE4BF2-0595-4D6C-9DE5-EA43F8F7EF12}.Release|Any CPU.Build.0 = Release|Any CPU
		{523185AB-1221-4C28-B8F1-E9A339EDE368}.Debug|Any CPU.ActiveCfg = Debug|Any CPU
		{523185AB-1221-4C28-B8F1-E9A339EDE368}.Debug|Any CPU.Build.0 = Debug|Any CPU
		{523185AB-1221-4C28-B8F1-E9A339EDE368}.Release|Any CPU.ActiveCfg = Release|Any CPU
		{523185AB-1221-4C28-B8F1-E9A339EDE368}.Release|Any CPU.Build.0 = Release|Any CPU
		{31C848B1-3437-43B1-8D92-A3477A994D8F}.Debug|Any CPU.ActiveCfg = Debug|Any CPU
		{31C848B1-3437-43B1-8D92-A3477A994D8F}.Debug|Any CPU.Build.0 = Debug|Any CPU
		{31C848B1-3437-43B1-8D92-A3477A994D8F}.Release|Any CPU.ActiveCfg = Release|Any CPU
		{31C848B1-3437-43B1-8D92-A3477A994D8F}.Release|Any CPU.Build.0 = Release|Any CPU
		{F8EFCB3F-2CD6-4664-B459-F47CC5718A00}.Debug|Any CPU.ActiveCfg = Debug|Any CPU
		{F8EFCB3F-2CD6-4664-B459-F47CC5718A00}.Debug|Any CPU.Build.0 = Debug|Any CPU
		{F8EFCB3F-2CD6-4664-B459-F47CC5718A00}.Release|Any CPU.ActiveCfg = Release|Any CPU
		{F8EFCB3F-2CD6-4664-B459-F47CC5718A00}.Release|Any CPU.Build.0 = Release|Any CPU
		{26B0D5EE-246B-4548-A467-09C4821C2E33}.Debug|Any CPU.ActiveCfg = Debug|Any CPU
		{26B0D5EE-246B-4548-A467-09C4821C2E33}.Debug|Any CPU.Build.0 = Debug|Any CPU
		{26B0D5EE-246B-4548-A467-09C4821C2E33}.Release|Any CPU.ActiveCfg = Release|Any CPU
		{26B0D5EE-246B-4548-A467-09C4821C2E33}.Release|Any CPU.Build.0 = Release|Any CPU
		{56B172F6-B078-4D70-9334-AF74BA2EE073}.Debug|Any CPU.ActiveCfg = Debug|Any CPU
		{56B172F6-B078-4D70-9334-AF74BA2EE073}.Debug|Any CPU.Build.0 = Debug|Any CPU
		{56B172F6-B078-4D70-9334-AF74BA2EE073}.Release|Any CPU.ActiveCfg = Release|Any CPU
		{56B172F6-B078-4D70-9334-AF74BA2EE073}.Release|Any CPU.Build.0 = Release|Any CPU
	EndGlobalSection
	GlobalSection(SolutionProperties) = preSolution
		HideSolutionNode = FALSE
	EndGlobalSection
EndGlobal
